// !$*UTF8*$!
{
	archiveVersion = 1;
	classes = {
	};
	objectVersion = 56;
	objects = {

/* Begin PBXBuildFile section */
		1A1B0ECD2993BF9000E5786C /* FavoritesController.swift in Sources */ = {isa = PBXBuildFile; fileRef = 1A1B0ECC2993BF9000E5786C /* FavoritesController.swift */; };
		1A5114902979CBA00082515D /* Search.swift in Sources */ = {isa = PBXBuildFile; fileRef = 1A51148F2979CBA00082515D /* Search.swift */; };
		1A511492297A950C0082515D /* VideogameInformation.swift in Sources */ = {isa = PBXBuildFile; fileRef = 1A511491297A950C0082515D /* VideogameInformation.swift */; };
		1A5CF60C2999578B00154E65 /* TusCompras.swift in Sources */ = {isa = PBXBuildFile; fileRef = 1A5CF60B2999578B00154E65 /* TusCompras.swift */; };
		1A5CF60E2999579900154E65 /* TusVentas.swift in Sources */ = {isa = PBXBuildFile; fileRef = 1A5CF60D2999579900154E65 /* TusVentas.swift */; };
		1A5CF610299957A800154E65 /* TuCartera.swift in Sources */ = {isa = PBXBuildFile; fileRef = 1A5CF60F299957A800154E65 /* TuCartera.swift */; };
		1A5CF612299957B400154E65 /* Ajustes.swift in Sources */ = {isa = PBXBuildFile; fileRef = 1A5CF611299957B400154E65 /* Ajustes.swift */; };
		1A5CF614299957BF00154E65 /* Ayuda.swift in Sources */ = {isa = PBXBuildFile; fileRef = 1A5CF613299957BF00154E65 /* Ayuda.swift */; };
		1A66ADB429992C2B004DB643 /* ShowGamesByGenre.swift in Sources */ = {isa = PBXBuildFile; fileRef = 1A66ADB329992C2B004DB643 /* ShowGamesByGenre.swift */; };
		1A66ADB829992CEB004DB643 /* ShowGameInfoByGenre.swift in Sources */ = {isa = PBXBuildFile; fileRef = 1A66ADB729992CEB004DB643 /* ShowGameInfoByGenre.swift */; };
		1A66ADBA29993E19004DB643 /* YourFavoriteUsers.swift in Sources */ = {isa = PBXBuildFile; fileRef = 1A66ADB929993E19004DB643 /* YourFavoriteUsers.swift */; };
		1A66ADBC29993F49004DB643 /* showUserInfo.swift in Sources */ = {isa = PBXBuildFile; fileRef = 1A66ADBB29993F49004DB643 /* showUserInfo.swift */; };
		1A681E3D2981310100E92C9E /* UploadProductViewController.swift in Sources */ = {isa = PBXBuildFile; fileRef = 1A681E3C2981310000E92C9E /* UploadProductViewController.swift */; };
		1A681E3F298131B400E92C9E /* TableViewControllerCategorias.swift in Sources */ = {isa = PBXBuildFile; fileRef = 1A681E3E298131B400E92C9E /* TableViewControllerCategorias.swift */; };
		1AB88A45297944BC0052E202 /* Home.swift in Sources */ = {isa = PBXBuildFile; fileRef = 1AB88A44297944BC0052E202 /* Home.swift */; };
		1ABA39DD297007C900F9E63A /* AppDelegate.swift in Sources */ = {isa = PBXBuildFile; fileRef = 1ABA39DC297007C900F9E63A /* AppDelegate.swift */; };
		1ABA39DF297007C900F9E63A /* SceneDelegate.swift in Sources */ = {isa = PBXBuildFile; fileRef = 1ABA39DE297007C900F9E63A /* SceneDelegate.swift */; };
		1ABA39E1297007C900F9E63A /* ViewController.swift in Sources */ = {isa = PBXBuildFile; fileRef = 1ABA39E0297007C900F9E63A /* ViewController.swift */; };
		1ABA39E4297007C900F9E63A /* Main.storyboard in Resources */ = {isa = PBXBuildFile; fileRef = 1ABA39E2297007C900F9E63A /* Main.storyboard */; };
		1ABA39E6297007CA00F9E63A /* Assets.xcassets in Resources */ = {isa = PBXBuildFile; fileRef = 1ABA39E5297007CA00F9E63A /* Assets.xcassets */; };
		1ABA39E9297007CA00F9E63A /* LaunchScreen.storyboard in Resources */ = {isa = PBXBuildFile; fileRef = 1ABA39E7297007CA00F9E63A /* LaunchScreen.storyboard */; };
/* End PBXBuildFile section */

/* Begin PBXFileReference section */
		1A1B0ECC2993BF9000E5786C /* FavoritesController.swift */ = {isa = PBXFileReference; lastKnownFileType = sourcecode.swift; path = FavoritesController.swift; sourceTree = "<group>"; };
		1A51148F2979CBA00082515D /* Search.swift */ = {isa = PBXFileReference; lastKnownFileType = sourcecode.swift; path = Search.swift; sourceTree = "<group>"; };
		1A511491297A950C0082515D /* VideogameInformation.swift */ = {isa = PBXFileReference; lastKnownFileType = sourcecode.swift; path = VideogameInformation.swift; sourceTree = "<group>"; };
		1A5CF60B2999578B00154E65 /* TusCompras.swift */ = {isa = PBXFileReference; lastKnownFileType = sourcecode.swift; path = TusCompras.swift; sourceTree = "<group>"; };
		1A5CF60D2999579900154E65 /* TusVentas.swift */ = {isa = PBXFileReference; lastKnownFileType = sourcecode.swift; path = TusVentas.swift; sourceTree = "<group>"; };
		1A5CF60F299957A800154E65 /* TuCartera.swift */ = {isa = PBXFileReference; lastKnownFileType = sourcecode.swift; path = TuCartera.swift; sourceTree = "<group>"; };
		1A5CF611299957B400154E65 /* Ajustes.swift */ = {isa = PBXFileReference; lastKnownFileType = sourcecode.swift; path = Ajustes.swift; sourceTree = "<group>"; };
		1A5CF613299957BF00154E65 /* Ayuda.swift */ = {isa = PBXFileReference; lastKnownFileType = sourcecode.swift; path = Ayuda.swift; sourceTree = "<group>"; };
		1A66ADB329992C2B004DB643 /* ShowGamesByGenre.swift */ = {isa = PBXFileReference; lastKnownFileType = sourcecode.swift; path = ShowGamesByGenre.swift; sourceTree = "<group>"; };
		1A66ADB729992CEB004DB643 /* ShowGameInfoByGenre.swift */ = {isa = PBXFileReference; lastKnownFileType = sourcecode.swift; path = ShowGameInfoByGenre.swift; sourceTree = "<group>"; };
		1A66ADB929993E19004DB643 /* YourFavoriteUsers.swift */ = {isa = PBXFileReference; lastKnownFileType = sourcecode.swift; path = YourFavoriteUsers.swift; sourceTree = "<group>"; };
		1A66ADBB29993F49004DB643 /* showUserInfo.swift */ = {isa = PBXFileReference; lastKnownFileType = sourcecode.swift; path = showUserInfo.swift; sourceTree = "<group>"; };
		1A681E3C2981310000E92C9E /* UploadProductViewController.swift */ = {isa = PBXFileReference; fileEncoding = 4; lastKnownFileType = sourcecode.swift; path = UploadProductViewController.swift; sourceTree = "<group>"; };
		1A681E3E298131B400E92C9E /* TableViewControllerCategorias.swift */ = {isa = PBXFileReference; fileEncoding = 4; lastKnownFileType = sourcecode.swift; path = TableViewControllerCategorias.swift; sourceTree = "<group>"; };
		1AB88A44297944BC0052E202 /* Home.swift */ = {isa = PBXFileReference; lastKnownFileType = sourcecode.swift; path = Home.swift; sourceTree = "<group>"; };
		1ABA39D9297007C900F9E63A /* Proyecto_Integrador.app */ = {isa = PBXFileReference; explicitFileType = wrapper.application; includeInIndex = 0; path = Proyecto_Integrador.app; sourceTree = BUILT_PRODUCTS_DIR; };
		1ABA39DC297007C900F9E63A /* AppDelegate.swift */ = {isa = PBXFileReference; lastKnownFileType = sourcecode.swift; path = AppDelegate.swift; sourceTree = "<group>"; };
		1ABA39DE297007C900F9E63A /* SceneDelegate.swift */ = {isa = PBXFileReference; lastKnownFileType = sourcecode.swift; path = SceneDelegate.swift; sourceTree = "<group>"; };
		1ABA39E0297007C900F9E63A /* ViewController.swift */ = {isa = PBXFileReference; lastKnownFileType = sourcecode.swift; path = ViewController.swift; sourceTree = "<group>"; };
		1ABA39E3297007C900F9E63A /* Base */ = {isa = PBXFileReference; lastKnownFileType = file.storyboard; name = Base; path = Base.lproj/Main.storyboard; sourceTree = "<group>"; };
		1ABA39E5297007CA00F9E63A /* Assets.xcassets */ = {isa = PBXFileReference; lastKnownFileType = folder.assetcatalog; path = Assets.xcassets; sourceTree = "<group>"; };
		1ABA39E8297007CA00F9E63A /* Base */ = {isa = PBXFileReference; lastKnownFileType = file.storyboard; name = Base; path = Base.lproj/LaunchScreen.storyboard; sourceTree = "<group>"; };
		1ABA39EA297007CA00F9E63A /* Info.plist */ = {isa = PBXFileReference; lastKnownFileType = text.plist.xml; path = Info.plist; sourceTree = "<group>"; };
/* End PBXFileReference section */

/* Begin PBXFrameworksBuildPhase section */
		1ABA39D6297007C900F9E63A /* Frameworks */ = {
			isa = PBXFrameworksBuildPhase;
			buildActionMask = 2147483647;
			files = (
			);
			runOnlyForDeploymentPostprocessing = 0;
		};
/* End PBXFrameworksBuildPhase section */

/* Begin PBXGroup section */
		1ABA39D0297007C900F9E63A = {
			isa = PBXGroup;
			children = (
				1ABA39DB297007C900F9E63A /* Proyecto_Integrador */,
				1ABA39DA297007C900F9E63A /* Products */,
			);
			sourceTree = "<group>";
		};
		1ABA39DA297007C900F9E63A /* Products */ = {
			isa = PBXGroup;
			children = (
				1ABA39D9297007C900F9E63A /* Proyecto_Integrador.app */,
			);
			name = Products;
			sourceTree = "<group>";
		};
		1ABA39DB297007C900F9E63A /* Proyecto_Integrador */ = {
			isa = PBXGroup;
			children = (
				1AE63EA829755D350064D3C3 /* CollectionCell */,
				1ABA39DE297007C900F9E63A /* SceneDelegate.swift */,
				1ABA39E0297007C900F9E63A /* ViewController.swift */,
				1ABA39E2297007C900F9E63A /* Main.storyboard */,
				1A511491297A950C0082515D /* VideogameInformation.swift */,
				1A681E3E298131B400E92C9E /* TableViewControllerCategorias.swift */,
				1ABA39E5297007CA00F9E63A /* Assets.xcassets */,
				1ABA39E7297007CA00F9E63A /* LaunchScreen.storyboard */,
				1A681E3C2981310000E92C9E /* UploadProductViewController.swift */,
				1ABA39EA297007CA00F9E63A /* Info.plist */,
				1ABA39DC297007C900F9E63A /* AppDelegate.swift */,
				1AB88A44297944BC0052E202 /* Home.swift */,
				1A51148F2979CBA00082515D /* Search.swift */,
				1A1B0ECC2993BF9000E5786C /* FavoritesController.swift */,
				1A66ADB329992C2B004DB643 /* ShowGamesByGenre.swift */,
				1A66ADB729992CEB004DB643 /* ShowGameInfoByGenre.swift */,
				1A66ADB929993E19004DB643 /* YourFavoriteUsers.swift */,
				1A66ADBB29993F49004DB643 /* showUserInfo.swift */,
				1A5CF60B2999578B00154E65 /* TusCompras.swift */,
				1A5CF60D2999579900154E65 /* TusVentas.swift */,
				1A5CF60F299957A800154E65 /* TuCartera.swift */,
				1A5CF611299957B400154E65 /* Ajustes.swift */,
				1A5CF613299957BF00154E65 /* Ayuda.swift */,
			);
			path = Proyecto_Integrador;
			sourceTree = "<group>";
		};
		1AE63EA829755D350064D3C3 /* CollectionCell */ = {
			isa = PBXGroup;
			children = (
			);
			path = CollectionCell;
			sourceTree = "<group>";
		};
/* End PBXGroup section */

/* Begin PBXNativeTarget section */
		1ABA39D8297007C900F9E63A /* Proyecto_Integrador */ = {
			isa = PBXNativeTarget;
			buildConfigurationList = 1ABA39ED297007CA00F9E63A /* Build configuration list for PBXNativeTarget "Proyecto_Integrador" */;
			buildPhases = (
				1ABA39D5297007C900F9E63A /* Sources */,
				1ABA39D6297007C900F9E63A /* Frameworks */,
				1ABA39D7297007C900F9E63A /* Resources */,
			);
			buildRules = (
			);
			dependencies = (
			);
			name = Proyecto_Integrador;
			productName = Proyecto_Integrador;
			productReference = 1ABA39D9297007C900F9E63A /* Proyecto_Integrador.app */;
			productType = "com.apple.product-type.application";
		};
/* End PBXNativeTarget section */

/* Begin PBXProject section */
		1ABA39D1297007C900F9E63A /* Project object */ = {
			isa = PBXProject;
			attributes = {
				BuildIndependentTargetsInParallel = 1;
				LastSwiftUpdateCheck = 1420;
				LastUpgradeCheck = 1420;
				TargetAttributes = {
					1ABA39D8297007C900F9E63A = {
						CreatedOnToolsVersion = 14.2;
					};
				};
			};
			buildConfigurationList = 1ABA39D4297007C900F9E63A /* Build configuration list for PBXProject "Proyecto_Integrador" */;
			compatibilityVersion = "Xcode 14.0";
			developmentRegion = en;
			hasScannedForEncodings = 0;
			knownRegions = (
				en,
				Base,
			);
			mainGroup = 1ABA39D0297007C900F9E63A;
			productRefGroup = 1ABA39DA297007C900F9E63A /* Products */;
			projectDirPath = "";
			projectRoot = "";
			targets = (
				1ABA39D8297007C900F9E63A /* Proyecto_Integrador */,
			);
		};
/* End PBXProject section */

/* Begin PBXResourcesBuildPhase section */
		1ABA39D7297007C900F9E63A /* Resources */ = {
			isa = PBXResourcesBuildPhase;
			buildActionMask = 2147483647;
			files = (
				1ABA39E9297007CA00F9E63A /* LaunchScreen.storyboard in Resources */,
				1ABA39E6297007CA00F9E63A /* Assets.xcassets in Resources */,
				1ABA39E4297007C900F9E63A /* Main.storyboard in Resources */,
			);
			runOnlyForDeploymentPostprocessing = 0;
		};
/* End PBXResourcesBuildPhase section */

/* Begin PBXSourcesBuildPhase section */
		1ABA39D5297007C900F9E63A /* Sources */ = {
			isa = PBXSourcesBuildPhase;
			buildActionMask = 2147483647;
			files = (
				1A511492297A950C0082515D /* VideogameInformation.swift in Sources */,
				1A681E3D2981310100E92C9E /* UploadProductViewController.swift in Sources */,
				1A5CF614299957BF00154E65 /* Ayuda.swift in Sources */,
				1A5CF60E2999579900154E65 /* TusVentas.swift in Sources */,
				1A1B0ECD2993BF9000E5786C /* FavoritesController.swift in Sources */,
				1A66ADB829992CEB004DB643 /* ShowGameInfoByGenre.swift in Sources */,
				1A5CF610299957A800154E65 /* TuCartera.swift in Sources */,
				1ABA39E1297007C900F9E63A /* ViewController.swift in Sources */,
				1ABA39DD297007C900F9E63A /* AppDelegate.swift in Sources */,
				1A5114902979CBA00082515D /* Search.swift in Sources */,
				1A66ADBA29993E19004DB643 /* YourFavoriteUsers.swift in Sources */,
				1A5CF612299957B400154E65 /* Ajustes.swift in Sources */,
				1AB88A45297944BC0052E202 /* Home.swift in Sources */,
				1A66ADBC29993F49004DB643 /* showUserInfo.swift in Sources */,
				1A66ADB429992C2B004DB643 /* ShowGamesByGenre.swift in Sources */,
				1ABA39DF297007C900F9E63A /* SceneDelegate.swift in Sources */,
				1A5CF60C2999578B00154E65 /* TusCompras.swift in Sources */,
				1A681E3F298131B400E92C9E /* TableViewControllerCategorias.swift in Sources */,
			);
			runOnlyForDeploymentPostprocessing = 0;
		};
/* End PBXSourcesBuildPhase section */

/* Begin PBXVariantGroup section */
		1ABA39E2297007C900F9E63A /* Main.storyboard */ = {
			isa = PBXVariantGroup;
			children = (
				1ABA39E3297007C900F9E63A /* Base */,
			);
			name = Main.storyboard;
			sourceTree = "<group>";
		};
		1ABA39E7297007CA00F9E63A /* LaunchScreen.storyboard */ = {
			isa = PBXVariantGroup;
			children = (
				1ABA39E8297007CA00F9E63A /* Base */,
			);
			name = LaunchScreen.storyboard;
			sourceTree = "<group>";
		};
/* End PBXVariantGroup section */

/* Begin XCBuildConfiguration section */
		1ABA39EB297007CA00F9E63A /* Debug */ = {
			isa = XCBuildConfiguration;
			buildSettings = {
				ALWAYS_SEARCH_USER_PATHS = NO;
				CLANG_ANALYZER_NONNULL = YES;
				CLANG_ANALYZER_NUMBER_OBJECT_CONVERSION = YES_AGGRESSIVE;
				CLANG_CXX_LANGUAGE_STANDARD = "gnu++20";
				CLANG_ENABLE_MODULES = YES;
				CLANG_ENABLE_OBJC_ARC = YES;
				CLANG_ENABLE_OBJC_WEAK = YES;
				CLANG_WARN_BLOCK_CAPTURE_AUTORELEASING = YES;
				CLANG_WARN_BOOL_CONVERSION = YES;
				CLANG_WARN_COMMA = YES;
				CLANG_WARN_CONSTANT_CONVERSION = YES;
				CLANG_WARN_DEPRECATED_OBJC_IMPLEMENTATIONS = YES;
				CLANG_WARN_DIRECT_OBJC_ISA_USAGE = YES_ERROR;
				CLANG_WARN_DOCUMENTATION_COMMENTS = YES;
				CLANG_WARN_EMPTY_BODY = YES;
				CLANG_WARN_ENUM_CONVERSION = YES;
				CLANG_WARN_INFINITE_RECURSION = YES;
				CLANG_WARN_INT_CONVERSION = YES;
				CLANG_WARN_NON_LITERAL_NULL_CONVERSION = YES;
				CLANG_WARN_OBJC_IMPLICIT_RETAIN_SELF = YES;
				CLANG_WARN_OBJC_LITERAL_CONVERSION = YES;
				CLANG_WARN_OBJC_ROOT_CLASS = YES_ERROR;
				CLANG_WARN_QUOTED_INCLUDE_IN_FRAMEWORK_HEADER = YES;
				CLANG_WARN_RANGE_LOOP_ANALYSIS = YES;
				CLANG_WARN_STRICT_PROTOTYPES = YES;
				CLANG_WARN_SUSPICIOUS_MOVE = YES;
				CLANG_WARN_UNGUARDED_AVAILABILITY = YES_AGGRESSIVE;
				CLANG_WARN_UNREACHABLE_CODE = YES;
				CLANG_WARN__DUPLICATE_METHOD_MATCH = YES;
				COPY_PHASE_STRIP = NO;
				DEBUG_INFORMATION_FORMAT = dwarf;
				ENABLE_STRICT_OBJC_MSGSEND = YES;
				ENABLE_TESTABILITY = YES;
				GCC_C_LANGUAGE_STANDARD = gnu11;
				GCC_DYNAMIC_NO_PIC = NO;
				GCC_NO_COMMON_BLOCKS = YES;
				GCC_OPTIMIZATION_LEVEL = 0;
				GCC_PREPROCESSOR_DEFINITIONS = (
					"DEBUG=1",
					"$(inherited)",
				);
				GCC_WARN_64_TO_32_BIT_CONVERSION = YES;
				GCC_WARN_ABOUT_RETURN_TYPE = YES_ERROR;
				GCC_WARN_UNDECLARED_SELECTOR = YES;
				GCC_WARN_UNINITIALIZED_AUTOS = YES_AGGRESSIVE;
				GCC_WARN_UNUSED_FUNCTION = YES;
				GCC_WARN_UNUSED_VARIABLE = YES;
				IPHONEOS_DEPLOYMENT_TARGET = 16.2;
				MTL_ENABLE_DEBUG_INFO = INCLUDE_SOURCE;
				MTL_FAST_MATH = YES;
				ONLY_ACTIVE_ARCH = YES;
				SDKROOT = iphoneos;
				SWIFT_ACTIVE_COMPILATION_CONDITIONS = DEBUG;
				SWIFT_OPTIMIZATION_LEVEL = "-Onone";
			};
			name = Debug;
		};
		1ABA39EC297007CA00F9E63A /* Release */ = {
			isa = XCBuildConfiguration;
			buildSettings = {
				ALWAYS_SEARCH_USER_PATHS = NO;
				CLANG_ANALYZER_NONNULL = YES;
				CLANG_ANALYZER_NUMBER_OBJECT_CONVERSION = YES_AGGRESSIVE;
				CLANG_CXX_LANGUAGE_STANDARD = "gnu++20";
				CLANG_ENABLE_MODULES = YES;
				CLANG_ENABLE_OBJC_ARC = YES;
				CLANG_ENABLE_OBJC_WEAK = YES;
				CLANG_WARN_BLOCK_CAPTURE_AUTORELEASING = YES;
				CLANG_WARN_BOOL_CONVERSION = YES;
				CLANG_WARN_COMMA = YES;
				CLANG_WARN_CONSTANT_CONVERSION = YES;
				CLANG_WARN_DEPRECATED_OBJC_IMPLEMENTATIONS = YES;
				CLANG_WARN_DIRECT_OBJC_ISA_USAGE = YES_ERROR;
				CLANG_WARN_DOCUMENTATION_COMMENTS = YES;
				CLANG_WARN_EMPTY_BODY = YES;
				CLANG_WARN_ENUM_CONVERSION = YES;
				CLANG_WARN_INFINITE_RECURSION = YES;
				CLANG_WARN_INT_CONVERSION = YES;
				CLANG_WARN_NON_LITERAL_NULL_CONVERSION = YES;
				CLANG_WARN_OBJC_IMPLICIT_RETAIN_SELF = YES;
				CLANG_WARN_OBJC_LITERAL_CONVERSION = YES;
				CLANG_WARN_OBJC_ROOT_CLASS = YES_ERROR;
				CLANG_WARN_QUOTED_INCLUDE_IN_FRAMEWORK_HEADER = YES;
				CLANG_WARN_RANGE_LOOP_ANALYSIS = YES;
				CLANG_WARN_STRICT_PROTOTYPES = YES;
				CLANG_WARN_SUSPICIOUS_MOVE = YES;
				CLANG_WARN_UNGUARDED_AVAILABILITY = YES_AGGRESSIVE;
				CLANG_WARN_UNREACHABLE_CODE = YES;
				CLANG_WARN__DUPLICATE_METHOD_MATCH = YES;
				COPY_PHASE_STRIP = NO;
				DEBUG_INFORMATION_FORMAT = "dwarf-with-dsym";
				ENABLE_NS_ASSERTIONS = NO;
				ENABLE_STRICT_OBJC_MSGSEND = YES;
				GCC_C_LANGUAGE_STANDARD = gnu11;
				GCC_NO_COMMON_BLOCKS = YES;
				GCC_WARN_64_TO_32_BIT_CONVERSION = YES;
				GCC_WARN_ABOUT_RETURN_TYPE = YES_ERROR;
				GCC_WARN_UNDECLARED_SELECTOR = YES;
				GCC_WARN_UNINITIALIZED_AUTOS = YES_AGGRESSIVE;
				GCC_WARN_UNUSED_FUNCTION = YES;
				GCC_WARN_UNUSED_VARIABLE = YES;
				IPHONEOS_DEPLOYMENT_TARGET = 16.2;
				MTL_ENABLE_DEBUG_INFO = NO;
				MTL_FAST_MATH = YES;
				SDKROOT = iphoneos;
				SWIFT_COMPILATION_MODE = wholemodule;
				SWIFT_OPTIMIZATION_LEVEL = "-O";
				VALIDATE_PRODUCT = YES;
			};
			name = Release;
		};
		1ABA39EE297007CA00F9E63A /* Debug */ = {
			isa = XCBuildConfiguration;
			buildSettings = {
				ASSETCATALOG_COMPILER_APPICON_NAME = AppIcon;
				ASSETCATALOG_COMPILER_GLOBAL_ACCENT_COLOR_NAME = AccentColor;
				CODE_SIGN_STYLE = Automatic;
				CURRENT_PROJECT_VERSION = 1;
				GENERATE_INFOPLIST_FILE = YES;
				INFOPLIST_FILE = Proyecto_Integrador/Info.plist;
				INFOPLIST_KEY_UIApplicationSupportsIndirectInputEvents = YES;
				INFOPLIST_KEY_UILaunchStoryboardName = LaunchScreen;
				INFOPLIST_KEY_UIMainStoryboardFile = Main;
				INFOPLIST_KEY_UISupportedInterfaceOrientations_iPad = "UIInterfaceOrientationPortrait UIInterfaceOrientationPortraitUpsideDown UIInterfaceOrientationLandscapeLeft UIInterfaceOrientationLandscapeRight";
				INFOPLIST_KEY_UISupportedInterfaceOrientations_iPhone = "UIInterfaceOrientationPortrait UIInterfaceOrientationLandscapeLeft UIInterfaceOrientationLandscapeRight";
				LD_RUNPATH_SEARCH_PATHS = (
					"$(inherited)",
					"@executable_path/Frameworks",
				);
				MARKETING_VERSION = 1.0;
				PRODUCT_BUNDLE_IDENTIFIER = "habieru.Proyecto-Integrador";
				PRODUCT_NAME = "$(TARGET_NAME)";
				SWIFT_EMIT_LOC_STRINGS = YES;
				SWIFT_VERSION = 5.0;
				TARGETED_DEVICE_FAMILY = "1,2";
			};
			name = Debug;
		};
		1ABA39EF297007CA00F9E63A /* Release */ = {
			isa = XCBuildConfiguration;
			buildSettings = {
				ASSETCATALOG_COMPILER_APPICON_NAME = AppIcon;
				ASSETCATALOG_COMPILER_GLOBAL_ACCENT_COLOR_NAME = AccentColor;
				CODE_SIGN_STYLE = Automatic;
				CURRENT_PROJECT_VERSION = 1;
				GENERATE_INFOPLIST_FILE = YES;
				INFOPLIST_FILE = Proyecto_Integrador/Info.plist;
				INFOPLIST_KEY_UIApplicationSupportsIndirectInputEvents = YES;
				INFOPLIST_KEY_UILaunchStoryboardName = LaunchScreen;
				INFOPLIST_KEY_UIMainStoryboardFile = Main;
				INFOPLIST_KEY_UISupportedInterfaceOrientations_iPad = "UIInterfaceOrientationPortrait UIInterfaceOrientationPortraitUpsideDown UIInterfaceOrientationLandscapeLeft UIInterfaceOrientationLandscapeRight";
				INFOPLIST_KEY_UISupportedInterfaceOrientations_iPhone = "UIInterfaceOrientationPortrait UIInterfaceOrientationLandscapeLeft UIInterfaceOrientationLandscapeRight";
				LD_RUNPATH_SEARCH_PATHS = (
					"$(inherited)",
					"@executable_path/Frameworks",
				);
				MARKETING_VERSION = 1.0;
				PRODUCT_BUNDLE_IDENTIFIER = "habieru.Proyecto-Integrador";
				PRODUCT_NAME = "$(TARGET_NAME)";
				SWIFT_EMIT_LOC_STRINGS = YES;
				SWIFT_VERSION = 5.0;
				TARGETED_DEVICE_FAMILY = "1,2";
			};
			name = Release;
		};
/* End XCBuildConfiguration section */

/* Begin XCConfigurationList section */
		1ABA39D4297007C900F9E63A /* Build configuration list for PBXProject "Proyecto_Integrador" */ = {
			isa = XCConfigurationList;
			buildConfigurations = (
				1ABA39EB297007CA00F9E63A /* Debug */,
				1ABA39EC297007CA00F9E63A /* Release */,
			);
			defaultConfigurationIsVisible = 0;
			defaultConfigurationName = Release;
		};
		1ABA39ED297007CA00F9E63A /* Build configuration list for PBXNativeTarget "Proyecto_Integrador" */ = {
			isa = XCConfigurationList;
			buildConfigurations = (
				1ABA39EE297007CA00F9E63A /* Debug */,
				1ABA39EF297007CA00F9E63A /* Release */,
			);
			defaultConfigurationIsVisible = 0;
			defaultConfigurationName = Release;
		};
/* End XCConfigurationList section */
	};
	rootObject = 1ABA39D1297007C900F9E63A /* Project object */;
}
